
Microsoft Visual Studio Solution File, Format Version 12.00
# Visual Studio Version 17
VisualStudioVersion = 17.1.32319.34
MinimumVisualStudioVersion = 10.0.40219.1
Project("{8BC9CEB8-8B4A-11D0-8D11-00A0C91BC942}") = "P13021StudentOOPExampleProject", "P13021StudentOOPExampleProject\P13021StudentOOPExampleProject.vcxproj", "{1884C57D-E9B8-4D6B-842A-2523C1A77C98}"
EndProject
Global
	GlobalSection(SolutionConfigurationPlatforms) = preSolution
		Debug|x64 = Debug|x64
		Debug|x86 = Debug|x86
		Release|x64 = Release|x64
		Release|x86 = Release|x86
	EndGlobalSection
	GlobalSection(ProjectConfigurationPlatforms) = postSolution
		{1884C57D-E9B8-4D6B-842A-2523C1A77C98}.Debug|x64.ActiveCfg = Debug|x64
		{1884C57D-E9B8-4D6B-842A-2523C1A77C98}.Debug|x64.Build.0 = Debug|x64
		{1884C57D-E9B8-4D6B-842A-2523C1A77C98}.Debug|x86.ActiveCfg = Debug|Win32
		{1884C57D-E9B8-4D6B-842A-2523C1A77C98}.Debug|x86.Build.0 = Debug|Win32
		{1884C57D-E9B8-4D6B-842A-2523C1A77C98}.Release|x64.ActiveCfg = Release|x64
		{1884C57D-E9B8-4D6B-842A-2523C1A77C98}.Release|x64.Build.0 = Release|x64
		{1884C57D-E9B8-4D6B-842A-2523C1A77C98}.Release|x86.ActiveCfg = Release|Win32
		{1884C57D-E9B8-4D6B-842A-2523C1A77C98}.Release|x86.Build.0 = Release|Win32
	EndGlobalSection
	GlobalSection(SolutionProperties) = preSolution
		HideSolutionNode = FALSE
	EndGlobalSection
	GlobalSection(ExtensibilityGlobals) = postSolution
		SolutionGuid = {997433A2-161A-45A4-AE14-B4BF1F3E0A82}
	EndGlobalSection
EndGlobal
